
Microsoft Visual Studio Solution File, Format Version 12.00
# Visual Studio Version 17
VisualStudioVersion = 17.0.31903.59
MinimumVisualStudioVersion = 10.0.40219.1
Project("{2150E333-8FDC-42A3-9474-1A3956D46DE8}") = "PaymentsLedger", "PaymentsLedger", "{4384A996-F9AF-87A4-85A0-376D98EA90FC}"
EndProject
Project("{2150E333-8FDC-42A3-9474-1A3956D46DE8}") = "Aspire", "Aspire", "{D140D0B2-AC54-C83E-705D-50D72E6624F9}"
EndProject
Project("{FAE04EC0-301F-11D3-BF4B-00C04F79EFBC}") = "PaymentsLedger.Aspire", "PaymentsLedger\Aspire\PaymentsLedger.Aspire\PaymentsLedger.Aspire.csproj", "{CB9508BE-64CD-47B6-8B3C-C698D4DD18FF}"
EndProject
Project("{2150E333-8FDC-42A3-9474-1A3956D46DE8}") = "BlazorWebApp", "BlazorWebApp", "{DFB0255A-2F97-7DC7-9B86-856C74A95484}"
EndProject
Project("{FAE04EC0-301F-11D3-BF4B-00C04F79EFBC}") = "PaymentsLedger.Blazor.Application", "PaymentsLedger\BlazorWebApp\PaymentsLedger.Blazor.Application\PaymentsLedger.Blazor.Application.csproj", "{03ACD2AF-8A5A-4799-A599-D7D04E1ED695}"
EndProject
Project("{FAE04EC0-301F-11D3-BF4B-00C04F79EFBC}") = "PaymentsLedger.Blazor.Domain", "PaymentsLedger\BlazorWebApp\PaymentsLedger.Blazor.Domain\PaymentsLedger.Blazor.Domain.csproj", "{0C1079D9-912A-48A0-AC9F-AA668F9B23B5}"
EndProject
Project("{FAE04EC0-301F-11D3-BF4B-00C04F79EFBC}") = "PaymentsLedger.Blazor.Infrastructure", "PaymentsLedger\BlazorWebApp\PaymentsLedger.Blazor.Infrastructure\PaymentsLedger.Blazor.Infrastructure.csproj", "{F8143A7B-67D1-4037-8341-E29EE428D5BE}"
EndProject
Project("{FAE04EC0-301F-11D3-BF4B-00C04F79EFBC}") = "PaymentsLedger.Blazor.Presentation", "PaymentsLedger\BlazorWebApp\PaymentsLedger.Blazor.Presentation\PaymentsLedger.Blazor.Presentation.csproj", "{6C947F1A-BFDF-4813-BC46-A84C2EEA2DC1}"
EndProject
Global
	GlobalSection(SolutionConfigurationPlatforms) = preSolution
		Debug|Any CPU = Debug|Any CPU
		Debug|x64 = Debug|x64
		Debug|x86 = Debug|x86
		Release|Any CPU = Release|Any CPU
		Release|x64 = Release|x64
		Release|x86 = Release|x86
	EndGlobalSection
	GlobalSection(ProjectConfigurationPlatforms) = postSolution
		{CB9508BE-64CD-47B6-8B3C-C698D4DD18FF}.Debug|Any CPU.ActiveCfg = Debug|Any CPU
		{CB9508BE-64CD-47B6-8B3C-C698D4DD18FF}.Debug|Any CPU.Build.0 = Debug|Any CPU
		{CB9508BE-64CD-47B6-8B3C-C698D4DD18FF}.Debug|x64.ActiveCfg = Debug|Any CPU
		{CB9508BE-64CD-47B6-8B3C-C698D4DD18FF}.Debug|x64.Build.0 = Debug|Any CPU
		{CB9508BE-64CD-47B6-8B3C-C698D4DD18FF}.Debug|x86.ActiveCfg = Debug|Any CPU
		{CB9508BE-64CD-47B6-8B3C-C698D4DD18FF}.Debug|x86.Build.0 = Debug|Any CPU
		{CB9508BE-64CD-47B6-8B3C-C698D4DD18FF}.Release|Any CPU.ActiveCfg = Release|Any CPU
		{CB9508BE-64CD-47B6-8B3C-C698D4DD18FF}.Release|Any CPU.Build.0 = Release|Any CPU
		{CB9508BE-64CD-47B6-8B3C-C698D4DD18FF}.Release|x64.ActiveCfg = Release|Any CPU
		{CB9508BE-64CD-47B6-8B3C-C698D4DD18FF}.Release|x64.Build.0 = Release|Any CPU
		{CB9508BE-64CD-47B6-8B3C-C698D4DD18FF}.Release|x86.ActiveCfg = Release|Any CPU
		{CB9508BE-64CD-47B6-8B3C-C698D4DD18FF}.Release|x86.Build.0 = Release|Any CPU
		{03ACD2AF-8A5A-4799-A599-D7D04E1ED695}.Debug|Any CPU.ActiveCfg = Debug|Any CPU
		{03ACD2AF-8A5A-4799-A599-D7D04E1ED695}.Debug|Any CPU.Build.0 = Debug|Any CPU
		{03ACD2AF-8A5A-4799-A599-D7D04E1ED695}.Debug|x64.ActiveCfg = Debug|Any CPU
		{03ACD2AF-8A5A-4799-A599-D7D04E1ED695}.Debug|x64.Build.0 = Debug|Any CPU
		{03ACD2AF-8A5A-4799-A599-D7D04E1ED695}.Debug|x86.ActiveCfg = Debug|Any CPU
		{03ACD2AF-8A5A-4799-A599-D7D04E1ED695}.Debug|x86.Build.0 = Debug|Any CPU
		{03ACD2AF-8A5A-4799-A599-D7D04E1ED695}.Release|Any CPU.ActiveCfg = Release|Any CPU
		{03ACD2AF-8A5A-4799-A599-D7D04E1ED695}.Release|Any CPU.Build.0 = Release|Any CPU
		{03ACD2AF-8A5A-4799-A599-D7D04E1ED695}.Release|x64.ActiveCfg = Release|Any CPU
		{03ACD2AF-8A5A-4799-A599-D7D04E1ED695}.Release|x64.Build.0 = Release|Any CPU
		{03ACD2AF-8A5A-4799-A599-D7D04E1ED695}.Release|x86.ActiveCfg = Release|Any CPU
		{03ACD2AF-8A5A-4799-A599-D7D04E1ED695}.Release|x86.Build.0 = Release|Any CPU
		{0C1079D9-912A-48A0-AC9F-AA668F9B23B5}.Debug|Any CPU.ActiveCfg = Debug|Any CPU
		{0C1079D9-912A-48A0-AC9F-AA668F9B23B5}.Debug|Any CPU.Build.0 = Debug|Any CPU
		{0C1079D9-912A-48A0-AC9F-AA668F9B23B5}.Debug|x64.ActiveCfg = Debug|Any CPU
		{0C1079D9-912A-48A0-AC9F-AA668F9B23B5}.Debug|x64.Build.0 = Debug|Any CPU
		{0C1079D9-912A-48A0-AC9F-AA668F9B23B5}.Debug|x86.ActiveCfg = Debug|Any CPU
		{0C1079D9-912A-48A0-AC9F-AA668F9B23B5}.Debug|x86.Build.0 = Debug|Any CPU
		{0C1079D9-912A-48A0-AC9F-AA668F9B23B5}.Release|Any CPU.ActiveCfg = Release|Any CPU
		{0C1079D9-912A-48A0-AC9F-AA668F9B23B5}.Release|Any CPU.Build.0 = Release|Any CPU
		{0C1079D9-912A-48A0-AC9F-AA668F9B23B5}.Release|x64.ActiveCfg = Release|Any CPU
		{0C1079D9-912A-48A0-AC9F-AA668F9B23B5}.Release|x64.Build.0 = Release|Any CPU
		{0C1079D9-912A-48A0-AC9F-AA668F9B23B5}.Release|x86.ActiveCfg = Release|Any CPU
		{0C1079D9-912A-48A0-AC9F-AA668F9B23B5}.Release|x86.Build.0 = Release|Any CPU
		{F8143A7B-67D1-4037-8341-E29EE428D5BE}.Debug|Any CPU.ActiveCfg = Debug|Any CPU
		{F8143A7B-67D1-4037-8341-E29EE428D5BE}.Debug|Any CPU.Build.0 = Debug|Any CPU
		{F8143A7B-67D1-4037-8341-E29EE428D5BE}.Debug|x64.ActiveCfg = Debug|Any CPU
		{F8143A7B-67D1-4037-8341-E29EE428D5BE}.Debug|x64.Build.0 = Debug|Any CPU
		{F8143A7B-67D1-4037-8341-E29EE428D5BE}.Debug|x86.ActiveCfg = Debug|Any CPU
		{F8143A7B-67D1-4037-8341-E29EE428D5BE}.Debug|x86.Build.0 = Debug|Any CPU
		{F8143A7B-67D1-4037-8341-E29EE428D5BE}.Release|Any CPU.ActiveCfg = Release|Any CPU
		{F8143A7B-67D1-4037-8341-E29EE428D5BE}.Release|Any CPU.Build.0 = Release|Any CPU
		{F8143A7B-67D1-4037-8341-E29EE428D5BE}.Release|x64.ActiveCfg = Release|Any CPU
		{F8143A7B-67D1-4037-8341-E29EE428D5BE}.Release|x64.Build.0 = Release|Any CPU
		{F8143A7B-67D1-4037-8341-E29EE428D5BE}.Release|x86.ActiveCfg = Release|Any CPU
		{F8143A7B-67D1-4037-8341-E29EE428D5BE}.Release|x86.Build.0 = Release|Any CPU
		{6C947F1A-BFDF-4813-BC46-A84C2EEA2DC1}.Debug|Any CPU.ActiveCfg = Debug|Any CPU
		{6C947F1A-BFDF-4813-BC46-A84C2EEA2DC1}.Debug|Any CPU.Build.0 = Debug|Any CPU
		{6C947F1A-BFDF-4813-BC46-A84C2EEA2DC1}.Debug|x64.ActiveCfg = Debug|Any CPU
		{6C947F1A-BFDF-4813-BC46-A84C2EEA2DC1}.Debug|x64.Build.0 = Debug|Any CPU
		{6C947F1A-BFDF-4813-BC46-A84C2EEA2DC1}.Debug|x86.ActiveCfg = Debug|Any CPU
		{6C947F1A-BFDF-4813-BC46-A84C2EEA2DC1}.Debug|x86.Build.0 = Debug|Any CPU
		{6C947F1A-BFDF-4813-BC46-A84C2EEA2DC1}.Release|Any CPU.ActiveCfg = Release|Any CPU
		{6C947F1A-BFDF-4813-BC46-A84C2EEA2DC1}.Release|Any CPU.Build.0 = Release|Any CPU
		{6C947F1A-BFDF-4813-BC46-A84C2EEA2DC1}.Release|x64.ActiveCfg = Release|Any CPU
		{6C947F1A-BFDF-4813-BC46-A84C2EEA2DC1}.Release|x64.Build.0 = Release|Any CPU
		{6C947F1A-BFDF-4813-BC46-A84C2EEA2DC1}.Release|x86.ActiveCfg = Release|Any CPU
		{6C947F1A-BFDF-4813-BC46-A84C2EEA2DC1}.Release|x86.Build.0 = Release|Any CPU
	EndGlobalSection
	GlobalSection(SolutionProperties) = preSolution
		HideSolutionNode = FALSE
	EndGlobalSection
	GlobalSection(NestedProjects) = preSolution
		{D140D0B2-AC54-C83E-705D-50D72E6624F9} = {4384A996-F9AF-87A4-85A0-376D98EA90FC}
		{CB9508BE-64CD-47B6-8B3C-C698D4DD18FF} = {D140D0B2-AC54-C83E-705D-50D72E6624F9}
		{DFB0255A-2F97-7DC7-9B86-856C74A95484} = {4384A996-F9AF-87A4-85A0-376D98EA90FC}
		{03ACD2AF-8A5A-4799-A599-D7D04E1ED695} = {DFB0255A-2F97-7DC7-9B86-856C74A95484}
		{0C1079D9-912A-48A0-AC9F-AA668F9B23B5} = {DFB0255A-2F97-7DC7-9B86-856C74A95484}
		{F8143A7B-67D1-4037-8341-E29EE428D5BE} = {DFB0255A-2F97-7DC7-9B86-856C74A95484}
		{6C947F1A-BFDF-4813-BC46-A84C2EEA2DC1} = {DFB0255A-2F97-7DC7-9B86-856C74A95484}
	EndGlobalSection
EndGlobal
